
Microsoft Visual Studio Solution File, Format Version 12.00
# Visual Studio Version 16
VisualStudioVersion = 16.0.29215.179
MinimumVisualStudioVersion = 10.0.40219.1
Project("{FAE04EC0-301F-11D3-BF4B-00C04F79EFBC}") = "MainSAF", "MainApp\MainSAF.csproj", "{8C2076E1-FD65-4A1E-ACBC-19AA9C29D763}"
EndProject
Project("{FAE04EC0-301F-11D3-BF4B-00C04F79EFBC}") = "LoginForm", "LoginForm\LoginForm.csproj", "{B65A2209-AA0B-4DF5-A7D7-3381826F27D8}"
EndProject
Project("{FAE04EC0-301F-11D3-BF4B-00C04F79EFBC}") = "DEM_SAF_Tests", "DEM_SAF_Tests\DEM_SAF_Tests.csproj", "{D058BEC0-3A1D-4FCA-9B5A-5A93E21A67D9}"
EndProject
Global
	GlobalSection(SolutionConfigurationPlatforms) = preSolution
		Debug|Any CPU = Debug|Any CPU
		Debug|x64 = Debug|x64
		Debug|x86 = Debug|x86
		Release|Any CPU = Release|Any CPU
		Release|x64 = Release|x64
		Release|x86 = Release|x86
	EndGlobalSection
	GlobalSection(ProjectConfigurationPlatforms) = postSolution
		{8C2076E1-FD65-4A1E-ACBC-19AA9C29D763}.Debug|Any CPU.ActiveCfg = Debug|Any CPU
		{8C2076E1-FD65-4A1E-ACBC-19AA9C29D763}.Debug|Any CPU.Build.0 = Debug|Any CPU
		{8C2076E1-FD65-4A1E-ACBC-19AA9C29D763}.Debug|x64.ActiveCfg = Debug|x64
		{8C2076E1-FD65-4A1E-ACBC-19AA9C29D763}.Debug|x64.Build.0 = Debug|x64
		{8C2076E1-FD65-4A1E-ACBC-19AA9C29D763}.Debug|x86.ActiveCfg = Debug|x86
		{8C2076E1-FD65-4A1E-ACBC-19AA9C29D763}.Debug|x86.Build.0 = Debug|x86
		{8C2076E1-FD65-4A1E-ACBC-19AA9C29D763}.Release|Any CPU.ActiveCfg = Release|Any CPU
		{8C2076E1-FD65-4A1E-ACBC-19AA9C29D763}.Release|Any CPU.Build.0 = Release|Any CPU
		{8C2076E1-FD65-4A1E-ACBC-19AA9C29D763}.Release|x64.ActiveCfg = Release|x64
		{8C2076E1-FD65-4A1E-ACBC-19AA9C29D763}.Release|x64.Build.0 = Release|x64
		{8C2076E1-FD65-4A1E-ACBC-19AA9C29D763}.Release|x86.ActiveCfg = Release|x86
		{8C2076E1-FD65-4A1E-ACBC-19AA9C29D763}.Release|x86.Build.0 = Release|x86
		{B65A2209-AA0B-4DF5-A7D7-3381826F27D8}.Debug|Any CPU.ActiveCfg = Debug|Any CPU
		{B65A2209-AA0B-4DF5-A7D7-3381826F27D8}.Debug|Any CPU.Build.0 = Debug|Any CPU
		{B65A2209-AA0B-4DF5-A7D7-3381826F27D8}.Debug|x64.ActiveCfg = Debug|Any CPU
		{B65A2209-AA0B-4DF5-A7D7-3381826F27D8}.Debug|x86.ActiveCfg = Debug|Any CPU
		{B65A2209-AA0B-4DF5-A7D7-3381826F27D8}.Release|Any CPU.ActiveCfg = Release|Any CPU
		{B65A2209-AA0B-4DF5-A7D7-3381826F27D8}.Release|Any CPU.Build.0 = Release|Any CPU
		{B65A2209-AA0B-4DF5-A7D7-3381826F27D8}.Release|x64.ActiveCfg = Release|Any CPU
		{B65A2209-AA0B-4DF5-A7D7-3381826F27D8}.Release|x86.ActiveCfg = Release|Any CPU
		{D058BEC0-3A1D-4FCA-9B5A-5A93E21A67D9}.Debug|Any CPU.ActiveCfg = Debug|Any CPU
		{D058BEC0-3A1D-4FCA-9B5A-5A93E21A67D9}.Debug|Any CPU.Build.0 = Debug|Any CPU
		{D058BEC0-3A1D-4FCA-9B5A-5A93E21A67D9}.Debug|x64.ActiveCfg = Debug|x64
		{D058BEC0-3A1D-4FCA-9B5A-5A93E21A67D9}.Debug|x64.Build.0 = Debug|x64
		{D058BEC0-3A1D-4FCA-9B5A-5A93E21A67D9}.Debug|x86.ActiveCfg = Debug|x86
		{D058BEC0-3A1D-4FCA-9B5A-5A93E21A67D9}.Debug|x86.Build.0 = Debug|x86
		{D058BEC0-3A1D-4FCA-9B5A-5A93E21A67D9}.Release|Any CPU.ActiveCfg = Release|Any CPU
		{D058BEC0-3A1D-4FCA-9B5A-5A93E21A67D9}.Release|Any CPU.Build.0 = Release|Any CPU
		{D058BEC0-3A1D-4FCA-9B5A-5A93E21A67D9}.Release|x64.ActiveCfg = Release|x64
		{D058BEC0-3A1D-4FCA-9B5A-5A93E21A67D9}.Release|x64.Build.0 = Release|x64
		{D058BEC0-3A1D-4FCA-9B5A-5A93E21A67D9}.Release|x86.ActiveCfg = Release|x86
		{D058BEC0-3A1D-4FCA-9B5A-5A93E21A67D9}.Release|x86.Build.0 = Release|x86
	EndGlobalSection
	GlobalSection(SolutionProperties) = preSolution
		HideSolutionNode = FALSE
	EndGlobalSection
	GlobalSection(ExtensibilityGlobals) = postSolution
		SolutionGuid = {209298D9-6EED-4089-8FBA-F8393BB05E33}
	EndGlobalSection
EndGlobal
